{
    "_meta": {
        "hash": {
            "sha256": "dda3654ed1e63fc933bea89d14acbff174ed000d348e17a30e86cda2dde87278"
        },
        "pipfile-spec": 6,
        "requires": {
            "python_version": "3.6"
        },
        "sources": [
            {
                "name": "pypi",
                "url": "https://pypi.python.org/simple",
                "verify_ssl": true
            }
        ]
    },
    "default": {
        "attrs": {
            "hashes": [
                "sha256:08a96c641c3a74e44eb59afb61a24f2cb9f4d7188748e76ba4bb5edfa3cb7d1c",
                "sha256:f7b7ce16570fe9965acd6d30101a28f62fb4a7f9e926b3bbc9b61f8b04247e72"
            ],
            "version": "==19.3.0"
        },
        "backcall": {
            "hashes": [
                "sha256:38ecd85be2c1e78f77fd91700c76e14667dc21e2713b63876c0eb901196e01e4",
                "sha256:bbbf4b1e5cd2bdb08f915895b51081c041bac22394fdfcfdfbe9f14b77c08bf2"
            ],
            "version": "==0.1.0"
        },
        "bleach": {
            "hashes": [
                "sha256:213336e49e102af26d9cde77dd2d0397afabc5a6bf2fed985dc35b5d1e285a16",
                "sha256:3fdf7f77adcf649c9911387df51254b813185e32b2c6619f690b593a617e19fa"
            ],
            "version": "==3.1.0"
        },
        "certifi": {
            "hashes": [
                "sha256:e4f3620cfea4f83eedc95b24abd9cd56f3c4b146dd0177e83a21b4eb49e21e50",
                "sha256:fd7c7c74727ddcf00e9acd26bba8da604ffec95bf1c2144e67aff7a8b50e6cef"
            ],
            "version": "==2019.9.11"
        },
        "chardet": {
            "hashes": [
                "sha256:84ab92ed1c4d4f16916e05906b6b75a6c0fb5db821cc65e70cbd64a3e2a5eaae",
                "sha256:fc323ffcaeaed0e0a02bf4d117757b98aed530d9ed4531e3e15460124c106691"
            ],
            "version": "==3.0.4"
        },
        "cycler": {
            "hashes": [
                "sha256:1d8a5ae1ff6c5cf9b93e8811e581232ad8920aeec647c37316ceac982b08cb2d",
                "sha256:cd7b2d1018258d7247a71425e9f26463dfb444d411c39569972f4ce586b0c9d8"
            ],
            "version": "==0.10.0"
        },
        "decorator": {
            "hashes": [
                "sha256:86156361c50488b84a3f148056ea716ca587df2f0de1d34750d35c21312725de",
                "sha256:f069f3a01830ca754ba5258fde2278454a0b5b79e0d7f5c13b3b97e57d4acff6"
            ],
            "version": "==4.4.0"
        },
        "defusedxml": {
            "hashes": [
                "sha256:6687150770438374ab581bb7a1b327a847dd9c5749e396102de3fad4e8a3ef93",
                "sha256:f684034d135af4c6cbb949b8a4d2ed61634515257a67299e5f940fbaa34377f5"
            ],
            "version": "==0.6.0"
        },
        "entrypoints": {
            "hashes": [
                "sha256:589f874b313739ad35be6e0cd7efde2a4e9b6fea91edcc34e58ecbb8dbe56d19",
                "sha256:c70dd71abe5a8c85e55e12c19bd91ccfeec11a6e99044204511f9ed547d48451"
            ],
            "version": "==0.3"
        },
        "future": {
            "hashes": [
                "sha256:858e38522e8fd0d3ce8f0c1feaf0603358e366d5403209674c7b617fa0c24093"
            ],
            "version": "==0.18.1"
        },
        "hyperopt": {
            "hashes": [
                "sha256:4f6e903f7640165ea3e4c622050b41ffab0bee7811ede23c7825a5884976d72f"
            ],
            "index": "pypi",
            "version": "==0.1"
        },
        "idna": {
            "hashes": [
                "sha256:c357b3f628cf53ae2c4c05627ecc484553142ca23264e593d327bcde5e9c3407",
                "sha256:ea8b7f6188e6fa117537c3df7da9fc686d485087abf6ac197f9c46432f7e4a3c"
            ],
            "version": "==2.8"
        },
        "importlib-metadata": {
            "hashes": [
                "sha256:aa18d7378b00b40847790e7c27e11673d7fed219354109d0e7b9e5b25dc3ad26",
                "sha256:d5f18a79777f3aa179c145737780282e27b508fc8fd688cb17c7a813e8bd39af"
            ],
            "version": "==0.23"
        },
        "ipykernel": {
            "hashes": [
                "sha256:1a7def9c986f1ee018c1138d16951932d4c9d4da01dad45f9d34e9899565a22f",
                "sha256:b368ad13edb71fa2db367a01e755a925d7f75ed5e09fbd3f06c85e7a8ef108a8"
            ],
            "version": "==5.1.3"
        },
        "ipython": {
            "hashes": [
                "sha256:c4ab005921641e40a68e405e286e7a1fcc464497e14d81b6914b4fd95e5dee9b",
                "sha256:dd76831f065f17bddd7eaa5c781f5ea32de5ef217592cf019e34043b56895aa1"
            ],
            "markers": "python_version >= '3.3'",
            "version": "==7.8.0"
        },
        "ipython-genutils": {
            "hashes": [
                "sha256:72dd37233799e619666c9f639a9da83c34013a73e8bbc79a7a6348d93c61fab8",
                "sha256:eb2e116e75ecef9d4d228fdc66af54269afa26ab4463042e33785b887c628ba8"
            ],
            "version": "==0.2.0"
        },
        "ipywidgets": {
            "hashes": [
                "sha256:9985e91c300f7bb41ca97627ed8a8ce22750584cefd023ffbe4b0c18edb84605",
                "sha256:ab9869cda5af7ba449d8f707b29b7e97a7db97d6366805d6b733338f51096f54"
            ],
            "index": "pypi",
            "version": "==7.2.1"
        },
        "jedi": {
            "hashes": [
                "sha256:786b6c3d80e2f06fd77162a07fed81b8baa22dde5d62896a790a331d6ac21a27",
                "sha256:ba859c74fa3c966a22f2aeebe1b74ee27e2a462f56d3f5f7ca4a59af61bfe42e"
            ],
            "version": "==0.15.1"
        },
        "jinja2": {
            "hashes": [
                "sha256:74320bb91f31270f9551d46522e33af46a80c3d619f4a4bf42b3164d30b5911f",
                "sha256:9fe95f19286cfefaa917656583d020be14e7859c6b0252588391e47db34527de"
            ],
            "version": "==2.10.3"
        },
        "jsonschema": {
            "hashes": [
                "sha256:2fa0684276b6333ff3c0b1b27081f4b2305f0a36cf702a23db50edb141893c3f",
                "sha256:94c0a13b4a0616458b42529091624e66700a17f847453e52279e35509a5b7631"
            ],
            "version": "==3.1.1"
        },
        "jupyter-client": {
            "hashes": [
                "sha256:60e6faec1031d63df57f1cc671ed673dced0ed420f4377ea33db37b1c188b910",
                "sha256:d0c077c9aaa4432ad485e7733e4d91e48f87b4f4bab7d283d42bb24cbbba0a0f"
            ],
            "version": "==5.3.4"
        },
        "jupyter-core": {
            "hashes": [
                "sha256:1368a838bba378c3c99f54c2961489831ea929ec7689a1d59d9844e584bc27dc",
                "sha256:85103cee6548992780912c1a0a9ec2583a4a18f1ef79a248ec0db4446500bce3"
            ],
            "version": "==4.6.0"
        },
        "jupyterlab": {
            "hashes": [
                "sha256:6a1af69fe0c0890891b5bb4cb9914edca68ed59b00ed50cd2bc78e230c739b55",
                "sha256:88290656a2db2e38ef913a257ec283f3b5bd99144ed3d52899c9af7030077554"
            ],
            "index": "pypi",
            "version": "==0.32.1"
        },
        "jupyterlab-launcher": {
            "hashes": [
                "sha256:c78646afa354856a7ba3d9583122b89603d24587126f4c49a04dd42f50c831ec",
                "sha256:d6308617fbdb3949c76356e8149c9835b65b01653fdefd983085c61d75f3c810"
            ],
            "version": "==0.10.5"
        },
        "kiwisolver": {
            "hashes": [
                "sha256:05b5b061e09f60f56244adc885c4a7867da25ca387376b02c1efc29cc16bcd0f",
                "sha256:26f4fbd6f5e1dabff70a9ba0d2c4bd30761086454aa30dddc5b52764ee4852b7",
                "sha256:3b2378ad387f49cbb328205bda569b9f87288d6bc1bf4cd683c34523a2341efe",
                "sha256:400599c0fe58d21522cae0e8b22318e09d9729451b17ee61ba8e1e7c0346565c",
                "sha256:47b8cb81a7d18dbaf4fed6a61c3cecdb5adec7b4ac292bddb0d016d57e8507d5",
                "sha256:53eaed412477c836e1b9522c19858a8557d6e595077830146182225613b11a75",
                "sha256:58e626e1f7dfbb620d08d457325a4cdac65d1809680009f46bf41eaf74ad0187",
                "sha256:5a52e1b006bfa5be04fe4debbcdd2688432a9af4b207a3f429c74ad625022641",
                "sha256:5c7ca4e449ac9f99b3b9d4693debb1d6d237d1542dd6a56b3305fe8a9620f883",
                "sha256:682e54f0ce8f45981878756d7203fd01e188cc6c8b2c5e2cf03675390b4534d5",
                "sha256:79bfb2f0bd7cbf9ea256612c9523367e5ec51d7cd616ae20ca2c90f575d839a2",
                "sha256:7f4dd50874177d2bb060d74769210f3bce1af87a8c7cf5b37d032ebf94f0aca3",
                "sha256:8944a16020c07b682df861207b7e0efcd2f46c7488619cb55f65882279119389",
                "sha256:8aa7009437640beb2768bfd06da049bad0df85f47ff18426261acecd1cf00897",
                "sha256:939f36f21a8c571686eb491acfffa9c7f1ac345087281b412d63ea39ca14ec4a",
                "sha256:9733b7f64bd9f807832d673355f79703f81f0b3e52bfce420fc00d8cb28c6a6c",
                "sha256:a02f6c3e229d0b7220bd74600e9351e18bc0c361b05f29adae0d10599ae0e326",
                "sha256:a0c0a9f06872330d0dd31b45607197caab3c22777600e88031bfe66799e70bb0",
                "sha256:acc4df99308111585121db217681f1ce0eecb48d3a828a2f9bbf9773f4937e9e",
                "sha256:b64916959e4ae0ac78af7c3e8cef4becee0c0e9694ad477b4c6b3a536de6a544",
                "sha256:d3fcf0819dc3fea58be1fd1ca390851bdb719a549850e708ed858503ff25d995",
                "sha256:d52e3b1868a4e8fd18b5cb15055c76820df514e26aa84cc02f593d99fef6707f",
                "sha256:db1a5d3cc4ae943d674718d6c47d2d82488ddd94b93b9e12d24aabdbfe48caee",
                "sha256:e3a21a720791712ed721c7b95d433e036134de6f18c77dbe96119eaf7aa08004",
                "sha256:e8bf074363ce2babeb4764d94f8e65efd22e6a7c74860a4f05a6947afc020ff2",
                "sha256:f16814a4a96dc04bf1da7d53ee8d5b1d6decfc1a92a63349bb15d37b6a263dd9",
                "sha256:f2b22153870ca5cf2ab9c940d7bc38e8e9089fa0f7e5856ea195e1cf4ff43d5a",
                "sha256:f790f8b3dff3d53453de6a7b7ddd173d2e020fb160baff578d578065b108a05f"
            ],
            "version": "==1.1.0"
        },
        "markupsafe": {
            "hashes": [
                "sha256:00bc623926325b26bb9605ae9eae8a215691f33cae5df11ca5424f06f2d1f473",
                "sha256:09027a7803a62ca78792ad89403b1b7a73a01c8cb65909cd876f7fcebd79b161",
                "sha256:09c4b7f37d6c648cb13f9230d847adf22f8171b1ccc4d5682398e77f40309235",
                "sha256:1027c282dad077d0bae18be6794e6b6b8c91d58ed8a8d89a89d59693b9131db5",
                "sha256:24982cc2533820871eba85ba648cd53d8623687ff11cbb805be4ff7b4c971aff",
                "sha256:29872e92839765e546828bb7754a68c418d927cd064fd4708fab9fe9c8bb116b",
                "sha256:43a55c2930bbc139570ac2452adf3d70cdbb3cfe5912c71cdce1c2c6bbd9c5d1",
                "sha256:46c99d2de99945ec5cb54f23c8cd5689f6d7177305ebff350a58ce5f8de1669e",
                "sha256:500d4957e52ddc3351cabf489e79c91c17f6e0899158447047588650b5e69183",
                "sha256:535f6fc4d397c1563d08b88e485c3496cf5784e927af890fb3c3aac7f933ec66",
                "sha256:62fe6c95e3ec8a7fad637b7f3d372c15ec1caa01ab47926cfdf7a75b40e0eac1",
                "sha256:6dd73240d2af64df90aa7c4e7481e23825ea70af4b4922f8ede5b9e35f78a3b1",
                "sha256:717ba8fe3ae9cc0006d7c451f0bb265ee07739daf76355d06366154ee68d221e",
                "sha256:79855e1c5b8da654cf486b830bd42c06e8780cea587384cf6545b7d9ac013a0b",
                "sha256:7c1699dfe0cf8ff607dbdcc1e9b9af1755371f92a68f706051cc8c37d447c905",
                "sha256:88e5fcfb52ee7b911e8bb6d6aa2fd21fbecc674eadd44118a9cc3863f938e735",
                "sha256:8defac2f2ccd6805ebf65f5eeb132adcf2ab57aa11fdf4c0dd5169a004710e7d",
                "sha256:98c7086708b163d425c67c7a91bad6e466bb99d797aa64f965e9d25c12111a5e",
                "sha256:9add70b36c5666a2ed02b43b335fe19002ee5235efd4b8a89bfcf9005bebac0d",
                "sha256:9bf40443012702a1d2070043cb6291650a0841ece432556f784f004937f0f32c",
                "sha256:ade5e387d2ad0d7ebf59146cc00c8044acbd863725f887353a10df825fc8ae21",
                "sha256:b00c1de48212e4cc9603895652c5c410df699856a2853135b3967591e4beebc2",
                "sha256:b1282f8c00509d99fef04d8ba936b156d419be841854fe901d8ae224c59f0be5",
                "sha256:b2051432115498d3562c084a49bba65d97cf251f5a331c64a12ee7e04dacc51b",
                "sha256:ba59edeaa2fc6114428f1637ffff42da1e311e29382d81b339c1817d37ec93c6",
                "sha256:c8716a48d94b06bb3b2524c2b77e055fb313aeb4ea620c8dd03a105574ba704f",
                "sha256:cd5df75523866410809ca100dc9681e301e3c27567cf498077e8551b6d20e42f",
                "sha256:e249096428b3ae81b08327a63a485ad0878de3fb939049038579ac0ef61e17e7"
            ],
            "version": "==1.1.1"
        },
        "matplotlib": {
            "hashes": [
                "sha256:07055eb872fa109bd88f599bdb52065704b2e22d475b67675f345d75d32038a0",
                "sha256:0f2f253d6d51f5ed52a819921f8a0a8e054ce0daefcfbc2557e1c433f14dc77d",
                "sha256:1770b70622b78f3fd76638526b8c176af8b23a0b129e0190d9407fa403855e0c",
                "sha256:1ef9fd285334bd6b0495b6de9d56a39dc95081577f27bafabcf28e0d318bed31",
                "sha256:3eb17a4dc45e1ceefb899423e8152e10169fa281f960421c762fd8532186c323",
                "sha256:3fb2db66ef98246bafc04b4ef4e9b0e73c6369f38a29716844e939d197df816a",
                "sha256:3fd90b407d1ab0dae686a4200030ce305526ff20b85a443dc490d194114b2dfa",
                "sha256:45dac8589ef1721d7f2ab0f48f986694494dfcc5d13a3e43a5cb6c816276094e",
                "sha256:4bb10087e09629ba3f9b25b6c734fd3f99542f93d71c5b9c023f28cb377b43a9",
                "sha256:4dc7ef528aad21f22be85e95725234c5178c0f938e2228ca76640e5e84d8cde8",
                "sha256:4f6a516d5ef39128bb16af7457e73dde25c30625c4916d8fbd1cc7c14c55e691",
                "sha256:70f0e407fbe9e97f16597223269c849597047421af5eb8b60dbaca0382037e78",
                "sha256:7b3d03c876684618e2a2be6abeb8d3a033c3a1bb38a786f751199753ef6227e6",
                "sha256:8944d311ce37bee1ba0e41a9b58dcf330ffe0cf29d7654c3d07c572215da68ac",
                "sha256:8ff08eaa25c66383fe3b6c7eb288da3c22dcedc4b110a0b592b35f68d0e093b2",
                "sha256:9d12378d6a236aa38326e27f3a29427b63edce4ce325745785aec1a7535b1f85",
                "sha256:abfd3d9390eb4f2d82cbcaa3a5c2834c581329b64eccb7a071ed9d5df27424f7",
                "sha256:bc4d7481f0e8ec94cb1afc4a59905d6274b3b4c389aba7a2539e071766671735",
                "sha256:c78883145da9b5620aec523fa14ea814e07f2ba26a16b7f68ff7300604a911b3",
                "sha256:dc0ba2080fd0cfdd07b3458ee4324d35806733feb2b080838d7094731d3f73d9",
                "sha256:f26fba7fc68994ab2805d77e0695417f9377a00d36ba4248b5d0f1e5adb08d24",
                "sha256:f397479742c1ca31805a4bffdfcc5f6189a31116b79aa0b83a50c689f42a23bb"
            ],
            "index": "pypi",
            "version": "==2.2.2"
        },
        "mistune": {
            "hashes": [
                "sha256:59a3429db53c50b5c6bcc8a07f8848cb00d7dc8bdb431a4ab41920d201d4756e",
                "sha256:88a1051873018da288eee8538d476dffe1262495144b33ecb586c4ab266bb8d4"
            ],
            "version": "==0.8.4"
        },
        "more-itertools": {
            "hashes": [
                "sha256:409cd48d4db7052af495b09dec721011634af3753ae1ef92d2b32f73a745f832",
                "sha256:92b8c4b06dac4f0611c0729b2f2ede52b2e1bac1ab48f089c7ddc12e26bb60c4"
            ],
            "version": "==7.2.0"
        },
        "nbconvert": {
            "hashes": [
                "sha256:427a468ec26e7d68a529b95f578d5cbf018cb4c1f889e897681c2b6d11897695",
                "sha256:48d3c342057a2cf21e8df820d49ff27ab9f25fc72b8f15606bd47967333b2709"
            ],
            "version": "==5.6.0"
        },
        "nbformat": {
            "hashes": [
                "sha256:b9a0dbdbd45bb034f4f8893cafd6f652ea08c8c1674ba83f2dc55d3955743b0b",
                "sha256:f7494ef0df60766b7cabe0a3651556345a963b74dbc16bc7c18479041170d402"
            ],
            "version": "==4.4.0"
        },
        "networkx": {
            "hashes": [
                "sha256:0d0e70e10dfb47601cbb3425a00e03e2a2e97477be6f80638fef91d54dd1e4b8",
                "sha256:1b229b54fe9ccb009cee4de02a88552191497a542a7d5d34adab216b9f15c1ff",
                "sha256:b3e0144d5fe6b7479b694e1b598a5545a38f3fc6f1e3c09173eb30f0c7a5770e"
            ],
            "index": "pypi",
            "version": "==1.11"
        },
        "nose": {
            "hashes": [
                "sha256:9ff7c6cc443f8c51994b34a667bbcf45afd6d945be7477b52e97516fd17c53ac",
                "sha256:dadcddc0aefbf99eea214e0f1232b94f2fa9bd98fa8353711dacb112bfcbbb2a",
                "sha256:f1bffef9cbc82628f6e7d7b40d7e255aefaa1adb6a1b1d26c69a8b79e6208a98"
            ],
            "version": "==1.3.7"
        },
        "notebook": {
            "hashes": [
                "sha256:660976fe4fe45c7aa55e04bf4bccb9f9566749ff637e9020af3422f9921f9a5d",
                "sha256:b0a290f5cc7792d50a21bec62b3c221dd820bf00efa916ce9aeec4b5354bde20"
            ],
            "version": "==6.0.1"
        },
        "numpy": {
            "hashes": [
                "sha256:0b0dd8f47fb177d00fa6ef2d58783c4f41ad3126b139c91dd2f7c4b3fdf5e9a5",
                "sha256:25ffe71f96878e1da7e014467e19e7db90ae7d4e12affbc73101bcf61785214e",
                "sha256:26efd7f7d755e6ca966a5c0ac5a930a87dbbaab1c51716ac26a38f42ecc9bc4b",
                "sha256:28b1180c758abf34a5c3fea76fcee66a87def1656724c42bb14a6f9717a5bdf7",
                "sha256:2e418f0a59473dac424f888dd57e85f77502a593b207809211c76e5396ae4f5c",
                "sha256:30c84e3a62cfcb9e3066f25226e131451312a044f1fe2040e69ce792cb7de418",
                "sha256:4650d94bb9c947151737ee022b934b7d9a845a7c76e476f3e460f09a0c8c6f39",
                "sha256:4dd830a11e8724c9c9379feed1d1be43113f8bcce55f47ea7186d3946769ce26",
                "sha256:4f2a2b279efde194877aff1f76cf61c68e840db242a5c7169f1ff0fd59a2b1e2",
                "sha256:62d22566b3e3428dfc9ec972014c38ed9a4db4f8969c78f5414012ccd80a149e",
                "sha256:669795516d62f38845c7033679c648903200980d68935baaa17ac5c7ae03ae0c",
                "sha256:75fcd60d682db3e1f8fbe2b8b0c6761937ad56d01c1dc73edf4ef2748d5b6bc4",
                "sha256:9395b0a41e8b7e9a284e3be7060db9d14ad80273841c952c83a5afc241d2bd98",
                "sha256:9e37c35fc4e9410093b04a77d11a34c64bf658565e30df7cbe882056088a91c1",
                "sha256:a0678793096205a4d784bd99f32803ba8100f639cf3b932dc63b21621390ea7e",
                "sha256:b46554ad4dafb2927f88de5a1d207398c5385edbb5c84d30b3ef187c4a3894d8",
                "sha256:c867eeccd934920a800f65c6068acdd6b87e80d45cd8c8beefff783b23cdc462",
                "sha256:dd0667f5be56fb1b570154c2c0516a528e02d50da121bbbb2cbb0b6f87f59bc2",
                "sha256:de2b1c20494bdf47f0160bd88ed05f5e48ae5dc336b8de7cfade71abcc95c0b9",
                "sha256:f1df7b2b7740dd777571c732f98adb5aad5450aee32772f1b39249c8a50386f6",
                "sha256:ffca69e29079f7880c5392bf675eb8b4146479d976ae1924d01cd92b04cccbcc"
            ],
            "version": "==1.17.3"
        },
        "pandas": {
            "hashes": [
                "sha256:02541a4fdd31315f213a5c8e18708abad719ee03eda05f603c4fe973e9b9d770",
                "sha256:052a66f58783a59ea38fdfee25de083b107baa81fdbe38fabd169d0f9efce2bf",
                "sha256:06efae5c00b9f4c6e6d3fe1eb52e590ff0ea8e5cb58032c724e04d31c540de53",
                "sha256:12f2a19d0b0adf31170d98d0e8bcbc59add0965a9b0c65d39e0665400491c0c5",
                "sha256:244ae0b9e998cfa88452a49b20e29bf582cc7c0e69093876d505aec4f8e1c7fe",
                "sha256:2907f3fe91ca2119ac3c38de6891bbbc83333bfe0d98309768fee28de563ee7a",
                "sha256:44a94091dd71f05922eec661638ec1a35f26d573c119aa2fad964f10a2880e6c",
                "sha256:587a9816cc663c958fcff7907c553b73fe196604f990bc98e1b71ebf07e45b44",
                "sha256:66403162c8b45325a995493bdd78ad4d8be085e527d721dbfa773d56fbba9c88",
                "sha256:68ac484e857dcbbd07ea7c6f516cc67f7f143f5313d9bc661470e7f473528882",
                "sha256:68b121d13177f5128a4c118bb4f73ba40df28292c038389961aa55ea5a996427",
                "sha256:97c8223d42d43d86ca359a57b4702ca0529c6553e83d736e93a5699951f0f8db",
                "sha256:af0dbac881f6f87acd325415adea0ce8cccf28f5d4ad7a54b6a1e176e2f7bf70",
                "sha256:c2cd884794924687edbaad40d18ac984054d247bb877890932c4d41e3c3aba31",
                "sha256:c372db80a5bcb143c9cb254d50f902772c3b093a4f965275197ec2d2184b1e61"
            ],
            "index": "pypi",
            "version": "==0.22.0"
        },
        "pandas-profiling": {
            "hashes": [
                "sha256:5014d8f160e44b6f56321d45fcf9670f8ad647587b545ab43d203c600217f307",
                "sha256:a1b16842b944dd9104b4b0df3a453d44d9722bf186d4da67c0c6521854d8aaf5"
            ],
            "index": "pypi",
            "version": "==1.4.1"
        },
        "pandocfilters": {
            "hashes": [
                "sha256:b3dd70e169bb5449e6bc6ff96aea89c5eea8c5f6ab5e207fc2f521a2cf4a0da9"
            ],
            "version": "==1.4.2"
        },
        "parso": {
            "hashes": [
                "sha256:63854233e1fadb5da97f2744b6b24346d2750b85965e7e399bec1620232797dc",
                "sha256:666b0ee4a7a1220f65d367617f2cd3ffddff3e205f3f16a0284df30e774c2a9c"
            ],
            "version": "==0.5.1"
        },
        "patsy": {
            "hashes": [
                "sha256:5465be1c0e670c3a965355ec09e9a502bf2c4cbe4875e8528b0221190a8a5d40",
                "sha256:f115cec4201e1465cd58b9866b0b0e7b941caafec129869057405bfe5b5e3991"
            ],
            "version": "==0.5.1"
        },
        "pexpect": {
            "hashes": [
                "sha256:2094eefdfcf37a1fdbfb9aa090862c1a4878e5c7e0e7e7088bdb511c558e5cd1",
                "sha256:9e2c1fd0e6ee3a49b28f95d4b33bc389c89b20af6a1255906e90ff1262ce62eb"
            ],
            "markers": "sys_platform != 'win32'",
            "version": "==4.7.0"
        },
        "pickleshare": {
            "hashes": [
                "sha256:87683d47965c1da65cdacaf31c8441d12b8044cdec9aca500cd78fc2c683afca",
                "sha256:9649af414d74d4df115d5d718f82acb59c9d418196b7b4290ed47a12ce62df56"
            ],
            "version": "==0.7.5"
        },
        "plotly": {
            "hashes": [
                "sha256:9dd816c36271cf81d82c854fba866c743cbd8cc71f1c95384195307def859a69"
            ],
            "index": "pypi",
            "version": "==2.5.1"
        },
        "prometheus-client": {
            "hashes": [
                "sha256:71cd24a2b3eb335cb800c7159f423df1bd4dcd5171b234be15e3f31ec9f622da"
            ],
            "version": "==0.7.1"
        },
        "prompt-toolkit": {
            "hashes": [
                "sha256:46642344ce457641f28fc9d1c9ca939b63dadf8df128b86f1b9860e59c73a5e4",
                "sha256:e7f8af9e3d70f514373bf41aa51bc33af12a6db3f71461ea47fea985defb2c31",
                "sha256:f15af68f66e664eaa559d4ac8a928111eebd5feda0c11738b5998045224829db"
            ],
            "version": "==2.0.10"
        },
        "ptyprocess": {
            "hashes": [
                "sha256:923f299cc5ad920c68f2bc0bc98b75b9f838b93b599941a6b63ddbc2476394c0",
                "sha256:d7cc528d76e76342423ca640335bd3633420dc1366f258cb31d05e865ef5ca1f"
            ],
            "markers": "os_name != 'nt'",
            "version": "==0.6.0"
        },
        "pygments": {
            "hashes": [
                "sha256:71e430bc85c88a430f000ac1d9b331d2407f681d6f6aec95e8bcfbc3df5b0127",
                "sha256:881c4c157e45f30af185c1ffe8d549d48ac9127433f2c380c24b84572ad66297"
            ],
            "version": "==2.4.2"
        },
        "pymongo": {
            "hashes": [
                "sha256:09f8196e1cb081713aa3face08d1806dc0a5dd64cb9f67fefc568519253a7ff2",
                "sha256:1be549c0ce2ba8242c149156ae2064b12a5d4704448d49f630b4910606efd474",
                "sha256:1f9fe869e289210250cba4ea20fbd169905b1793e1cd2737f423e107061afa98",
                "sha256:3653cea82d1e35edd0a2355150daf8a27ebf12cf55182d5ad1046bfa288f5140",
                "sha256:4249c6ba45587b959292a727532826c5032d59171f923f7f823788f413c2a5a3",
                "sha256:4ff8f5e7c0a78983c1ee07894fff1b21c0e0ad3a122d9786cc3745fd60e4a2ce",
                "sha256:56b29c638ab924716b48a3e94e3d7ac00b04acec1daa8190c36d61fc714c3629",
                "sha256:56ec9358bbfe5ae3b25e785f8a14619d6799c855a44734c9098bb457174019bf",
                "sha256:5dca250cbf1183c3e7b7b18c882c2b2199bfb20c74c4c68dbf11596808a296da",
                "sha256:61101d1cc92881fac1f9ac7e99b033062f4c210178dc33193c8f5567feecb069",
                "sha256:86624c0205a403fb4fbfedef79c5b4ab27e21fd018fdb6a27cf03b3c32a9e2b9",
                "sha256:88ac09e1b197c3b4531e43054d49c022a3ea1281431b2f4980abafa35d2a5ce2",
                "sha256:8b0339809b12ea292d468524dd1777f1a9637d9bdc0353a9261b88f82537d606",
                "sha256:93dbf7388f6bf9af48dbb32f265b75b3dbc743a7a2ce98e44c88c049c58d85d3",
                "sha256:9b705daec636c560dd2d63935f428a6b3cddfe903fffc0f349e0e91007c893d6",
                "sha256:a090a819fe6fefadc2901d3911c07c76c0935ec5c790a50e9f3c3c47bacd5978",
                "sha256:a102b346f1921237eaa9a31ee89eda57ad3c3973d79be3a456d92524e7df8fec",
                "sha256:a13363869f2f36291d6367069c65d51d7b8d1b2fb410266b0b6b1f3c90d6deb0",
                "sha256:a409a43c76da50881b70cc9ee70a1744f882848e8e93a68fb434254379777fa3",
                "sha256:a76475834a978058425b0163f1bad35a5f70e45929a543075633c3fc1df564c5",
                "sha256:ad474e93525baa6c58d75d63a73143af24c9f93c8e26e8d382f32c4da637901a",
                "sha256:b268c7fa03ac77a8662fab3b2ab0be4beecb82f60f4c24b584e69565691a107f",
                "sha256:cca4e1ab5ba0cd7877d3938167ee8ae9c2986cc0e10d3dcc3243d664d3a83fec",
                "sha256:cef61de3f0f4441ec40266ff2ab42e5c16eaba1dc1fc6e1036f274621c52adc1",
                "sha256:e28153b5d5ca33d4ba0c3bbc0e1ff161b9016e5e5f3f8ca10d6fa49106eb9e04",
                "sha256:f30d7b37804daf0bab1143abc71666c630d7e270f5c14c5a7c300a6699c21108",
                "sha256:f70f0133301cccf9bfd68fd20f67184ef991be578b646e78441106f9e27cc44d",
                "sha256:fa75c21c1d82f20cce62f6fc4a68c2b0f33572ab406df1b17cd77a947d0b2993"
            ],
            "version": "==3.9.0"
        },
        "pyparsing": {
            "hashes": [
                "sha256:6f98a7b9397e206d78cc01df10131398f1c8b8510a2f4d97d9abd82e1aacdd80",
                "sha256:d9338df12903bbf5d65a0e4e87c2161968b10d2e489652bb47001d82a9b028b4"
            ],
            "version": "==2.4.2"
        },
        "pyrsistent": {
            "hashes": [
                "sha256:34b47fa169d6006b32e99d4b3c4031f155e6e68ebcc107d6454852e8e0ee6533"
            ],
            "version": "==0.15.4"
        },
        "python-dateutil": {
            "hashes": [
                "sha256:7e6584c74aeed623791615e26efd690f29817a27c73085b78e4bad02493df2fb",
                "sha256:c89805f6f4d64db21ed966fda138f8a5ed7a4fdbc1a8ee329ce1b74e3c74da9e"
            ],
            "version": "==2.8.0"
        },
        "pytz": {
            "hashes": [
                "sha256:1c557d7d0e871de1f5ccd5833f60fb2550652da6be2693c1e02300743d21500d",
                "sha256:b02c06db6cf09c12dd25137e563b31700d3b80fcc4ad23abb7a315f2789819be"
            ],
            "version": "==2019.3"
        },
        "pyzmq": {
            "hashes": [
                "sha256:01636e95a88d60118479041c6aaaaf5419c6485b7b1d37c9c4dd424b7b9f1121",
                "sha256:021dba0d1436516092c624359e5da51472b11ba8edffa334218912f7e8b65467",
                "sha256:0463bd941b6aead494d4035f7eebd70035293dd6caf8425993e85ad41de13fa3",
                "sha256:05fd51edd81eed798fccafdd49c936b6c166ffae7b32482e4d6d6a2e196af4e6",
                "sha256:1fadc8fbdf3d22753c36d4172169d184ee6654f8d6539e7af25029643363c490",
                "sha256:22efa0596cf245a78a99060fe5682c4cd00c58bb7614271129215c889062db80",
                "sha256:260c70b7c018905ec3659d0f04db735ac830fe27236e43b9dc0532cf7c9873ef",
                "sha256:2762c45e289732d4450406cedca35a9d4d71e449131ba2f491e0bf473e3d2ff2",
                "sha256:2fc6cada8dc53521c1189596f1898d45c5f68603194d3a6453d6db4b27f4e12e",
                "sha256:343b9710a61f2b167673bea1974e70b5dccfe64b5ed10626798f08c1f7227e72",
                "sha256:41bf96d5f554598a0632c3ec28e3026f1d6591a50f580df38eff0b8067efb9e7",
                "sha256:856b2cdf7a1e2cbb84928e1e8db0ea4018709b39804103d3a409e5584f553f57",
                "sha256:85b869abc894672de9aecdf032158ea8ad01e2f0c3b09ef60e3687fb79418096",
                "sha256:93f44739db69234c013a16990e43db1aa0af3cf5a4b8b377d028ff24515fbeb3",
                "sha256:98fa3e75ccb22c0dc99654e3dd9ff693b956861459e8c8e8734dd6247b89eb29",
                "sha256:9a22c94d2e93af8bebd4fcf5fa38830f5e3b1ff0d4424e2912b07651eb1bafb4",
                "sha256:a7d3f4b4bbb5d7866ae727763268b5c15797cbd7b63ea17f3b0ec1067da8994b",
                "sha256:b645a49376547b3816433a7e2d2a99135c8e651e50497e7ecac3bd126e4bea16",
                "sha256:cf0765822e78cf9e45451647a346d443f66792aba906bc340f4e0ac7870c169c",
                "sha256:dc398e1e047efb18bfab7a8989346c6921a847feae2cad69fedf6ca12fb99e2c",
                "sha256:dd5995ae2e80044e33b5077fb4bc2b0c1788ac6feaf15a6b87a00c14b4bdd682",
                "sha256:e03fe5e07e70f245dc9013a9d48ae8cc4b10c33a1968039c5a3b64b5d01d083d",
                "sha256:ea09a306144dff2795e48439883349819bef2c53c0ee62a3c2fae429451843bb",
                "sha256:f4e37f33da282c3c319849877e34f97f0a3acec09622ec61b7333205bdd13b52",
                "sha256:fa4bad0d1d173dee3e8ef3c3eb6b2bb6c723fc7a661eeecc1ecb2fa99860dd45"
            ],
            "version": "==18.1.0"
        },
        "requests": {
            "hashes": [
                "sha256:11e007a8a2aa0323f5a921e9e6a2d7e4e67d9877e85773fba9ba6419025cbeb4",
                "sha256:9cf5292fcd0f598c671cfc1e0d7d1a7f13bb8085e9a590f48c010551dc6c4b31"
            ],
            "version": "==2.22.0"
        },
        "scikit-learn": {
            "hashes": [
                "sha256:13136c6e4f6b808569f7f59299d439b2cd718f85d72ea14b5b6077d44ebc7d17",
                "sha256:370919e3148253fd6552496c33a1e3d78290a336fc8d1b9349d9e9770fae6ec0",
                "sha256:3775cca4ce3f94508bb7c8a6b113044b78c16b0a30a5c169ddeb6b9fe57a8a72",
                "sha256:42f3c5bd893ed73bf47ccccf04dfb98fae743f397d688bb58c2238c0e6ec15d2",
                "sha256:56cfa19c31edf62e6414da0a337efee37a4af488b135640e67238786b9be6ab3",
                "sha256:5c9ff456d67ef9094e5ea272fff2be05d399a47fc30c6c8ed653b94bdf787bd1",
                "sha256:5ca0ad32ee04abe0d4ba02c8d89d501b4e5e0304bdf4d45c2e9875a735b323a0",
                "sha256:5db9e68a384ce80a17fc449d4d5d9b45025fe17cf468429599bf404eccb51049",
                "sha256:72c194c5092e921d6107a8de8a5adae58c35bbc54e030ba624b6f02fd823bb21",
                "sha256:871669cdb5b3481650fe3adff46eb97c455e30ecdc307eaf382ef90d4e2570ab",
                "sha256:873245b03361710f47c5410a050dc56ee8ae97b9f8dcc6e3a81521ca2b64ad10",
                "sha256:8b17fc29554c5c98d88142f895516a5bec2b6b61daa815e1193a64c868ad53d2",
                "sha256:95b155ef6bf829ddfba6026f100ba8e4218b7171ecab97b2163bc9e8d206848f",
                "sha256:a21cf8217e31a9e8e32c559246e05e6909981816152406945ae2e3e244dfcc1f",
                "sha256:ba3fd442ae1a46830789b3578867daaf2c8409dcca6bf192e30e85beeabbfc2f",
                "sha256:ce78bf4d10bd7e28807c36c6d2ab25a9934aaf80906ad987622a5e45627d91a2",
                "sha256:d384e6f9a055b7a43492f9d27779adb717eb5dcf78b0603b01d0f070a608d241",
                "sha256:d4da369614e55540c7e830ccdd17ab4fe5412ff8e803a4906d3ece393e2e3a63",
                "sha256:ddc1eb10138ae93c136cc4b5945d3977f302b5d693592a4731b2805a7d7f2a74",
                "sha256:e54a3dd1fe1f8124de90b93c48d120e6da2ea8df29b6895325df01ddc1bd8e26",
                "sha256:ee8c3b1898c728b6e5b5659c233f547700a1fea13ce876b6fe7d3434c70cc0e0",
                "sha256:f528c4b2bba652cf116f5cccf36f4db95a7f9cbfcd1ee549c4e8d0f8628783b5",
                "sha256:f9abae483f4d52acd6f660addb1b67e35dc5748655250af479de2ea6aefc6df0"
            ],
            "index": "pypi",
            "version": "==0.19.1"
        },
        "scipy": {
            "hashes": [
                "sha256:0baa64bf42592032f6f6445a07144e355ca876b177f47ad8d0612901c9375bef",
                "sha256:243b04730d7223d2b844bda9500310eecc9eda0cba9ceaf0cde1839f8287dfa8",
                "sha256:2643cfb46d97b7797d1dbdb6f3c23fe3402904e3c90e6facfe6a9b98d808c1b5",
                "sha256:396eb4cdad421f846a1498299474f0a3752921229388f91f60dc3eda55a00488",
                "sha256:3ae3692616975d3c10aca6d574d6b4ff95568768d4525f76222fb60f142075b9",
                "sha256:435d19f80b4dcf67dc090cc04fde2c5c8a70b3372e64f6a9c58c5b806abfa5a8",
                "sha256:46a5e55850cfe02332998b3aef481d33f1efee1960fe6cfee0202c7dd6fc21ab",
                "sha256:75b513c462e58eeca82b22fc00f0d1875a37b12913eee9d979233349fce5c8b2",
                "sha256:7ccfa44a08226825126c4ef0027aa46a38c928a10f0a8a8483c80dd9f9a0ad44",
                "sha256:89dd6a6d329e3f693d1204d5562dd63af0fd7a17854ced17f9cbc37d5b853c8d",
                "sha256:a81da2fe32f4eab8b60d56ad43e44d93d392da228a77e229e59b51508a00299c",
                "sha256:a9d606d11eb2eec7ef893eb825017fbb6eef1e1d0b98a5b7fc11446ebeb2b9b1",
                "sha256:ac37eb652248e2d7cbbfd89619dce5ecfd27d657e714ed049d82f19b162e8d45",
                "sha256:cbc0611699e420774e945f6a4e2830f7ca2b3ee3483fca1aa659100049487dd5",
                "sha256:d02d813ec9958ed63b390ded463163685af6025cb2e9a226ec2c477df90c6957",
                "sha256:dd3b52e00f93fd1c86f2d78243dfb0d02743c94dd1d34ffea10055438e63b99d"
            ],
            "version": "==1.3.1"
        },
        "send2trash": {
            "hashes": [
                "sha256:60001cc07d707fe247c94f74ca6ac0d3255aabcb930529690897ca2a39db28b2",
                "sha256:f1691922577b6fa12821234aeb57599d887c4900b9ca537948d2dac34aea888b"
            ],
            "version": "==1.5.0"
        },
        "six": {
            "hashes": [
                "sha256:3350809f0555b11f552448330d0b52d5f24c91a322ea4a15ef22629740f3761c",
                "sha256:d16a0141ec1a18405cd4ce8b4613101da75da0e9a7aec5bdd4fa804d0e0eba73"
            ],
            "version": "==1.12.0"
        },
        "statsmodels": {
            "hashes": [
                "sha256:01b6aee5ca88a6e5fb56184c5ea19c96ea3ad805bd564beba093fffb19f9766f",
                "sha256:0a2db2f5b7d3983f349b4b8f50a734d2d80ee194587f8c7a2d4fbec89fc94218",
                "sha256:26431ab706fbae896db7870a0892743bfbb9f5c83231644692166a31d2d86048",
                "sha256:2fee3cc853fede203b2a632ef89f89f13f860b98939f024f31e3183ee50baf10",
                "sha256:51cb8689d0290d91f60ff3a1db34bd64a63f8d68d8b386012ee38e597ecc0a31",
                "sha256:5f94bf04a4ffe5e60f0648635506de0bd9d2041d8c30f72ddb272e214c2b8b24",
                "sha256:6834eb063c5ff4803bbe61388a95c7c984cbcb8d11d1db0b85f50c772d4af9fb",
                "sha256:8d39f25cd7d8d4360f1e1726029a4917285f1dafb476c47bb36c3c1ee8c8f392",
                "sha256:b9426bcc7f47b7d77ff5df66ca69d1ec7d9b7aaaf89662a5e6abceb6336adecd",
                "sha256:e363b368bdcbd528270408dec3ac0558240774c2c0a71feb9cf2f774d4967fee"
            ],
            "index": "pypi",
            "version": "==0.8.0"
        },
        "terminado": {
            "hashes": [
                "sha256:d9d012de63acb8223ac969c17c3043337c2fcfd28f3aea1ee429b345d01ef460",
                "sha256:de08e141f83c3a0798b050ecb097ab6259c3f0331b2f7b7750c9075ced2c20c2"
            ],
            "version": "==0.8.2"
        },
        "testpath": {
            "hashes": [
                "sha256:46c89ebb683f473ffe2aab0ed9f12581d4d078308a3cb3765d79c6b2317b0109",
                "sha256:b694b3d9288dbd81685c5d2e7140b81365d46c29f5db4bc659de5aa6b98780f8"
            ],
            "version": "==0.4.2"
        },
        "tornado": {
            "hashes": [
                "sha256:349884248c36801afa19e342a77cc4458caca694b0eda633f5878e458a44cb2c",
                "sha256:398e0d35e086ba38a0427c3b37f4337327231942e731edaa6e9fd1865bbd6f60",
                "sha256:4e73ef678b1a859f0cb29e1d895526a20ea64b5ffd510a2307b5998c7df24281",
                "sha256:559bce3d31484b665259f50cd94c5c28b961b09315ccd838f284687245f416e5",
                "sha256:abbe53a39734ef4aba061fca54e30c6b4639d3e1f59653f0da37a0003de148c7",
                "sha256:c845db36ba616912074c5b1ee897f8e0124df269468f25e4fe21fe72f6edd7a9",
                "sha256:c9399267c926a4e7c418baa5cbe91c7d1cf362d505a1ef898fde44a07c9dd8a5"
            ],
            "version": "==6.0.3"
        },
        "tqdm": {
            "hashes": [
                "sha256:139b1672ab75ca6cb670d215ab0b408bec214ca3bed918de50ff265e0ee77617",
                "sha256:75efcd98827971f96aa9b270e73ccedf1d275b781a9149a0846a7728010d045e"
            ],
            "index": "pypi",
            "version": "==4.23.2"
        },
        "traitlets": {
            "hashes": [
                "sha256:70b4c6a1d9019d7b4f6846832288f86998aa3b9207c6821f3578a6a6a467fe44",
                "sha256:d023ee369ddd2763310e4c3eae1ff649689440d4ae59d7485eb4cfbbe3e359f7"
            ],
            "version": "==4.3.3"
        },
        "urllib3": {
            "hashes": [
                "sha256:4c291ca23bbb55c76518905869ef34bdd5f0e46af7afe6861e8375643ffee1a0",
                "sha256:9a247273df709c4fedb38c711e44292304f73f39ab01beda9f6b9fc375669ac3"
            ],
            "index": "pypi",
            "version": "==1.24.2"
        },
        "wcwidth": {
            "hashes": [
                "sha256:3df37372226d6e63e1b1e1eda15c594bca98a22d33a23832a90998faa96bc65e",
                "sha256:f4ebe71925af7b40a864553f761ed559b43544f8f71746c2d756c7fe788ade7c"
            ],
            "version": "==0.1.7"
        },
        "webencodings": {
            "hashes": [
                "sha256:a0af1213f3c2226497a97e2b3aa01a7e4bee4f403f95be16fc9acd2947514a78",
                "sha256:b36a1c245f2d304965eb4e0a82848379241dc04b865afcc4aab16748587e1923"
            ],
            "version": "==0.5.1"
        },
        "widgetsnbextension": {
            "hashes": [
                "sha256:40794a6a2f97c09a1e613c1c165f67d58a5995d14b283542da39134710791a36",
                "sha256:5417789ee6064ff515fd10be24870660af3561c02d3d48b26f6f44285d0f70cc"
            ],
            "version": "==3.2.1"
        },
        "zipp": {
            "hashes": [
                "sha256:3718b1cbcd963c7d4c5511a8240812904164b7f381b647143a89d3b98f9bcd8e",
                "sha256:f06903e9f1f43b12d371004b4ac7b06ab39a44adc747266928ae6debfa7b3335"
            ],
            "version": "==0.6.0"
        }
    },
    "develop": {
        "autopep8": {
            "hashes": [
                "sha256:2284d4ae2052fedb9f466c09728e30d2e231cfded5ffd7b1a20c34123fdc4ba4"
            ],
            "index": "pypi",
            "version": "==1.3.5"
        },
        "docopt": {
            "hashes": [
                "sha256:49b3a825280bd66b3aa83585ef59c4a8c82f2c8a522dbe754a8bc8d08c85c491"
            ],
            "version": "==0.6.2"
        },
        "flake8": {
            "hashes": [
                "sha256:7253265f7abd8b313e3892944044a365e3f4ac3fcdcfb4298f55ee9ddf188ba0",
                "sha256:c7841163e2b576d435799169b78703ad6ac1bbb0f199994fc05f700b2a90ea37"
            ],
            "index": "pypi",
            "version": "==3.5.0"
        },
        "isort": {
            "hashes": [
                "sha256:1153601da39a25b14ddc54955dbbacbb6b2d19135386699e2ad58517953b34af",
                "sha256:b9c40e9750f3d77e6e4d441d8b0266cf555e7cdabdcff33c4fd06366ca761ef8",
                "sha256:ec9ef8f4a9bc6f71eec99e1806bfa2de401650d996c59330782b89a5555c1497"
            ],
            "index": "pypi",
            "version": "==4.3.4"
        },
        "jedi": {
            "hashes": [
                "sha256:786b6c3d80e2f06fd77162a07fed81b8baa22dde5d62896a790a331d6ac21a27",
                "sha256:ba859c74fa3c966a22f2aeebe1b74ee27e2a462f56d3f5f7ca4a59af61bfe42e"
            ],
            "version": "==0.15.1"
        },
        "mccabe": {
            "hashes": [
                "sha256:ab8a6258860da4b6677da4bd2fe5dc2c659cff31b3ee4f7f5d64e79735b80d42",
                "sha256:dd8d182285a0fe56bace7f45b5e7d1a6ebcbf524e8f3bd87eb0f125271b8831f"
            ],
            "version": "==0.6.1"
        },
        "parso": {
            "hashes": [
                "sha256:63854233e1fadb5da97f2744b6b24346d2750b85965e7e399bec1620232797dc",
                "sha256:666b0ee4a7a1220f65d367617f2cd3ffddff3e205f3f16a0284df30e774c2a9c"
            ],
            "version": "==0.5.1"
        },
        "prompt-toolkit": {
            "hashes": [
                "sha256:46642344ce457641f28fc9d1c9ca939b63dadf8df128b86f1b9860e59c73a5e4",
                "sha256:e7f8af9e3d70f514373bf41aa51bc33af12a6db3f71461ea47fea985defb2c31",
                "sha256:f15af68f66e664eaa559d4ac8a928111eebd5feda0c11738b5998045224829db"
            ],
            "version": "==2.0.10"
        },
        "ptpython": {
            "hashes": [
                "sha256:55d7cfad50a096f5922c4fdf8cea068a7ec9257418064b437c617ff2f120f81a",
                "sha256:816da300f620fb88ba97c7962062c8c178d6693b1db19c184660156b1af91bdc",
                "sha256:a78b27a85c5dbe9d89376e7f3aa70a9d8fa15cb45ee5f73a3cc3963b9b528ac1"
            ],
            "index": "pypi",
            "version": "==0.41"
        },
        "pycodestyle": {
            "hashes": [
                "sha256:682256a5b318149ca0d2a9185d365d8864a768a28db66a84a2ea946bcc426766",
                "sha256:6c4245ade1edfad79c3446fadfc96b0de2759662dc29d07d80a6f27ad1ca6ba9"
            ],
            "version": "==2.3.1"
        },
        "pyflakes": {
            "hashes": [
                "sha256:08bd6a50edf8cffa9fa09a463063c425ecaaf10d1eb0335a7e8b1401aef89e6f",
                "sha256:8d616a382f243dbf19b54743f280b80198be0bca3a5396f1d2e1fca6223e8805"
            ],
            "version": "==1.6.0"
        },
        "pygments": {
            "hashes": [
                "sha256:71e430bc85c88a430f000ac1d9b331d2407f681d6f6aec95e8bcfbc3df5b0127",
                "sha256:881c4c157e45f30af185c1ffe8d549d48ac9127433f2c380c24b84572ad66297"
            ],
            "version": "==2.4.2"
        },
        "six": {
            "hashes": [
                "sha256:3350809f0555b11f552448330d0b52d5f24c91a322ea4a15ef22629740f3761c",
                "sha256:d16a0141ec1a18405cd4ce8b4613101da75da0e9a7aec5bdd4fa804d0e0eba73"
            ],
            "version": "==1.12.0"
        },
        "wcwidth": {
            "hashes": [
                "sha256:3df37372226d6e63e1b1e1eda15c594bca98a22d33a23832a90998faa96bc65e",
                "sha256:f4ebe71925af7b40a864553f761ed559b43544f8f71746c2d756c7fe788ade7c"
            ],
            "version": "==0.1.7"
        },
        "yapf": {
            "hashes": [
                "sha256:7d8ae3567f3fb2d288f127d35e4decb3348c96cd091001e02e818465da618f90",
                "sha256:dd23b52edbb4c0461d0383050f7886175b0df9ab8fd0b67edd41f94e25770993"
            ],
            "index": "pypi",
            "version": "==0.21.0"
        }
    }
}
